
Microsoft Visual Studio Solution File, Format Version 12.00
# Visual Studio Version 17
VisualStudioVersion = 17.8.34525.116
MinimumVisualStudioVersion = 10.0.40219.1
Project("{9A19103F-16F7-4668-BE54-9A1E7A4F7556}") = "Soltech.Samples.Fora.EdgarApi", "Soltech.Samples.Fora.EdgarApi\Soltech.Samples.Fora.EdgarApi.csproj", "{DFCD76C3-4B34-46CB-838D-8D6AACBE6F86}"
EndProject
Project("{9A19103F-16F7-4668-BE54-9A1E7A4F7556}") = "Soltech.Samples.Fora.EdgarService", "Soltech.Samples.Fora.EdgarService\Soltech.Samples.Fora.EdgarService.csproj", "{A0CC2E37-7E8D-44A3-A5AA-2D76D0564247}"
EndProject
Project("{54A90642-561A-4BB1-A94E-469ADEE60C69}") = "Soltech.Samples.Fora.EdgarClient", "Soltech.Samples.Fora.EdgarClient\Soltech.Samples.Fora.EdgarClient.esproj", "{471D57FC-E151-4EA7-A6A0-0ED3692737A4}"
EndProject
Project("{9A19103F-16F7-4668-BE54-9A1E7A4F7556}") = "Soltech.Samples.Fora.EdgatData", "Soltech.Samples.Fora.EdgarData\Soltech.Samples.Fora.EdgatData.csproj", "{BD9BC14E-5E15-452A-AF84-F37BAC9C078F}"
EndProject
Project("{FAE04EC0-301F-11D3-BF4B-00C04F79EFBC}") = "Soltech.Samples.Fora.EdgarTests", "Soltech.Samples.Fora.EdgarTests\Soltech.Samples.Fora.EdgarTests.csproj", "{30940DA8-947C-486F-91B3-EEB93C596ACB}"
EndProject
Global
	GlobalSection(SolutionConfigurationPlatforms) = preSolution
		Debug|Any CPU = Debug|Any CPU
		Release|Any CPU = Release|Any CPU
	EndGlobalSection
	GlobalSection(ProjectConfigurationPlatforms) = postSolution
		{DFCD76C3-4B34-46CB-838D-8D6AACBE6F86}.Debug|Any CPU.ActiveCfg = Debug|Any CPU
		{DFCD76C3-4B34-46CB-838D-8D6AACBE6F86}.Debug|Any CPU.Build.0 = Debug|Any CPU
		{DFCD76C3-4B34-46CB-838D-8D6AACBE6F86}.Release|Any CPU.ActiveCfg = Release|Any CPU
		{DFCD76C3-4B34-46CB-838D-8D6AACBE6F86}.Release|Any CPU.Build.0 = Release|Any CPU
		{A0CC2E37-7E8D-44A3-A5AA-2D76D0564247}.Debug|Any CPU.ActiveCfg = Debug|Any CPU
		{A0CC2E37-7E8D-44A3-A5AA-2D76D0564247}.Debug|Any CPU.Build.0 = Debug|Any CPU
		{A0CC2E37-7E8D-44A3-A5AA-2D76D0564247}.Release|Any CPU.ActiveCfg = Release|Any CPU
		{A0CC2E37-7E8D-44A3-A5AA-2D76D0564247}.Release|Any CPU.Build.0 = Release|Any CPU
		{471D57FC-E151-4EA7-A6A0-0ED3692737A4}.Debug|Any CPU.ActiveCfg = Debug|Any CPU
		{471D57FC-E151-4EA7-A6A0-0ED3692737A4}.Debug|Any CPU.Build.0 = Debug|Any CPU
		{471D57FC-E151-4EA7-A6A0-0ED3692737A4}.Debug|Any CPU.Deploy.0 = Debug|Any CPU
		{471D57FC-E151-4EA7-A6A0-0ED3692737A4}.Release|Any CPU.ActiveCfg = Release|Any CPU
		{471D57FC-E151-4EA7-A6A0-0ED3692737A4}.Release|Any CPU.Build.0 = Release|Any CPU
		{471D57FC-E151-4EA7-A6A0-0ED3692737A4}.Release|Any CPU.Deploy.0 = Release|Any CPU
		{BD9BC14E-5E15-452A-AF84-F37BAC9C078F}.Debug|Any CPU.ActiveCfg = Debug|Any CPU
		{BD9BC14E-5E15-452A-AF84-F37BAC9C078F}.Debug|Any CPU.Build.0 = Debug|Any CPU
		{BD9BC14E-5E15-452A-AF84-F37BAC9C078F}.Release|Any CPU.ActiveCfg = Release|Any CPU
		{BD9BC14E-5E15-452A-AF84-F37BAC9C078F}.Release|Any CPU.Build.0 = Release|Any CPU
		{30940DA8-947C-486F-91B3-EEB93C596ACB}.Debug|Any CPU.ActiveCfg = Debug|Any CPU
		{30940DA8-947C-486F-91B3-EEB93C596ACB}.Debug|Any CPU.Build.0 = Debug|Any CPU
		{30940DA8-947C-486F-91B3-EEB93C596ACB}.Release|Any CPU.ActiveCfg = Release|Any CPU
		{30940DA8-947C-486F-91B3-EEB93C596ACB}.Release|Any CPU.Build.0 = Release|Any CPU
	EndGlobalSection
	GlobalSection(SolutionProperties) = preSolution
		HideSolutionNode = FALSE
	EndGlobalSection
	GlobalSection(ExtensibilityGlobals) = postSolution
		SolutionGuid = {0C5E58D2-092E-42C0-BE49-1600E776F4E2}
	EndGlobalSection
EndGlobal
