
Microsoft Visual Studio Solution File, Format Version 12.00
# Visual Studio Version 17
VisualStudioVersion = 17.8.34525.116
MinimumVisualStudioVersion = 10.0.40219.1
Project("{9A19103F-16F7-4668-BE54-9A1E7A4F7556}") = "Soltech.Samples.Fora.EdgarApi", "EdgarForaSampleApi\Soltech.Samples.Fora.EdgarApi.csproj", "{851DB722-31FA-4473-8F9E-0683613ACA90}"
EndProject
Project("{9A19103F-16F7-4668-BE54-9A1E7A4F7556}") = "Soltech.Samples.Fora.EdgarClient", "EdgarForaSampleClient\Soltech.Samples.Fora.EdgarClient.csproj", "{C2F4DB92-6C9C-4BA6-8CCF-C79E7FF916B5}"
EndProject
Global
	GlobalSection(SolutionConfigurationPlatforms) = preSolution
		Debug|Any CPU = Debug|Any CPU
		Release|Any CPU = Release|Any CPU
	EndGlobalSection
	GlobalSection(ProjectConfigurationPlatforms) = postSolution
		{851DB722-31FA-4473-8F9E-0683613ACA90}.Debug|Any CPU.ActiveCfg = Debug|Any CPU
		{851DB722-31FA-4473-8F9E-0683613ACA90}.Debug|Any CPU.Build.0 = Debug|Any CPU
		{851DB722-31FA-4473-8F9E-0683613ACA90}.Release|Any CPU.ActiveCfg = Release|Any CPU
		{851DB722-31FA-4473-8F9E-0683613ACA90}.Release|Any CPU.Build.0 = Release|Any CPU
		{C2F4DB92-6C9C-4BA6-8CCF-C79E7FF916B5}.Debug|Any CPU.ActiveCfg = Debug|Any CPU
		{C2F4DB92-6C9C-4BA6-8CCF-C79E7FF916B5}.Debug|Any CPU.Build.0 = Debug|Any CPU
		{C2F4DB92-6C9C-4BA6-8CCF-C79E7FF916B5}.Release|Any CPU.ActiveCfg = Release|Any CPU
		{C2F4DB92-6C9C-4BA6-8CCF-C79E7FF916B5}.Release|Any CPU.Build.0 = Release|Any CPU
	EndGlobalSection
	GlobalSection(SolutionProperties) = preSolution
		HideSolutionNode = FALSE
	EndGlobalSection
	GlobalSection(ExtensibilityGlobals) = postSolution
		SolutionGuid = {0C5E58D2-092E-42C0-BE49-1600E776F4E2}
	EndGlobalSection
EndGlobal
